
Microsoft Visual Studio Solution File, Format Version 12.00
# Visual Studio Version 17
VisualStudioVersion = 17.4.33103.184
MinimumVisualStudioVersion = 10.0.40219.1
Project("{2150E333-8FDC-42A3-9474-1A3956D46DE8}") = "HackerRank", "HackerRank", "{27B6ED3F-8BEE-4013-B8DA-06584B6C9726}"
EndProject
Project("{9A19103F-16F7-4668-BE54-9A1E7A4F7556}") = "Basic", "Basic\Basic.csproj", "{9BD1740E-A36B-4527-BB78-A5541C67BB56}"
EndProject
Project("{2150E333-8FDC-42A3-9474-1A3956D46DE8}") = "Certify", "Certify", "{9F7DFB60-EDA6-4333-A0C3-AD7DE343A9BE}"
EndProject
Project("{9A19103F-16F7-4668-BE54-9A1E7A4F7556}") = "Day0", "30DaysCodingChallenge\Day0.csproj", "{0E4D303E-D03D-4BB3-B0C1-FDF81F6D2B82}"
EndProject
Project("{2150E333-8FDC-42A3-9474-1A3956D46DE8}") = "Prepare", "Prepare", "{4BF5B124-8FAE-467B-BB7F-3DD096FA1AB6}"
EndProject
Project("{2150E333-8FDC-42A3-9474-1A3956D46DE8}") = "30DaysOfCodingChallenge", "30DaysOfCodingChallenge", "{0B85C590-E341-4C44-835C-128A6942BAD0}"
EndProject
Project("{2150E333-8FDC-42A3-9474-1A3956D46DE8}") = "ProblemSolving", "ProblemSolving", "{B224F726-CE7E-47CC-B982-55FA1821EE27}"
EndProject
Project("{9A19103F-16F7-4668-BE54-9A1E7A4F7556}") = "Day1", "Day1\Day1.csproj", "{ABF7F23E-F074-4F85-A177-1BEDD30751F9}"
EndProject
Project("{9A19103F-16F7-4668-BE54-9A1E7A4F7556}") = "Day2", "Day2\Day2.csproj", "{496E64EA-C1DB-4C41-A7A4-481EBB93F1C8}"
EndProject
Project("{2150E333-8FDC-42A3-9474-1A3956D46DE8}") = "Tutorials", "Tutorials", "{56657E2F-3316-446D-A0F7-A642EF0541D4}"
EndProject
Project("{2150E333-8FDC-42A3-9474-1A3956D46DE8}") = "Compete", "Compete", "{AFD3FA58-B5B1-4539-9562-8D3E8B3E94AB}"
EndProject
Project("{9A19103F-16F7-4668-BE54-9A1E7A4F7556}") = "Day3", "Day3\Day3.csproj", "{1E34A7E6-71FC-4C6E-A44A-761E64951445}"
EndProject
Project("{9A19103F-16F7-4668-BE54-9A1E7A4F7556}") = "Day4", "Day4\Day4.csproj", "{0556D4ED-2126-4114-B7A0-E11CDB03E191}"
EndProject
Project("{9A19103F-16F7-4668-BE54-9A1E7A4F7556}") = "Day5", "Day5\Day5.csproj", "{E8B57368-CBF4-4F64-9E35-ED553A10CB09}"
EndProject
Project("{9A19103F-16F7-4668-BE54-9A1E7A4F7556}") = "Day6", "Day6\Day6.csproj", "{3A8895C0-81E4-4667-A3DB-622F84190FAE}"
EndProject
Project("{9A19103F-16F7-4668-BE54-9A1E7A4F7556}") = "Day7", "Day7\Day7.csproj", "{D6D9C618-0739-40EA-A387-C10C7C9DEA02}"
EndProject
Project("{9A19103F-16F7-4668-BE54-9A1E7A4F7556}") = "Day8", "Day8\Day8.csproj", "{8F5377CC-9F40-4B2E-86FE-5FDE82FFEC71}"
EndProject
Project("{FAE04EC0-301F-11D3-BF4B-00C04F79EFBC}") = "Day9", "Day9\Day9.csproj", "{871C190F-FC4C-4B26-B87B-EDCAC594421D}"
EndProject
Global
	GlobalSection(SolutionConfigurationPlatforms) = preSolution
		Debug|Any CPU = Debug|Any CPU
		Release|Any CPU = Release|Any CPU
	EndGlobalSection
	GlobalSection(ProjectConfigurationPlatforms) = postSolution
		{9BD1740E-A36B-4527-BB78-A5541C67BB56}.Debug|Any CPU.ActiveCfg = Debug|Any CPU
		{9BD1740E-A36B-4527-BB78-A5541C67BB56}.Debug|Any CPU.Build.0 = Debug|Any CPU
		{9BD1740E-A36B-4527-BB78-A5541C67BB56}.Release|Any CPU.ActiveCfg = Release|Any CPU
		{9BD1740E-A36B-4527-BB78-A5541C67BB56}.Release|Any CPU.Build.0 = Release|Any CPU
		{0E4D303E-D03D-4BB3-B0C1-FDF81F6D2B82}.Debug|Any CPU.ActiveCfg = Debug|Any CPU
		{0E4D303E-D03D-4BB3-B0C1-FDF81F6D2B82}.Debug|Any CPU.Build.0 = Debug|Any CPU
		{0E4D303E-D03D-4BB3-B0C1-FDF81F6D2B82}.Release|Any CPU.ActiveCfg = Release|Any CPU
		{0E4D303E-D03D-4BB3-B0C1-FDF81F6D2B82}.Release|Any CPU.Build.0 = Release|Any CPU
		{ABF7F23E-F074-4F85-A177-1BEDD30751F9}.Debug|Any CPU.ActiveCfg = Debug|Any CPU
		{ABF7F23E-F074-4F85-A177-1BEDD30751F9}.Debug|Any CPU.Build.0 = Debug|Any CPU
		{ABF7F23E-F074-4F85-A177-1BEDD30751F9}.Release|Any CPU.ActiveCfg = Release|Any CPU
		{ABF7F23E-F074-4F85-A177-1BEDD30751F9}.Release|Any CPU.Build.0 = Release|Any CPU
		{496E64EA-C1DB-4C41-A7A4-481EBB93F1C8}.Debug|Any CPU.ActiveCfg = Debug|Any CPU
		{496E64EA-C1DB-4C41-A7A4-481EBB93F1C8}.Debug|Any CPU.Build.0 = Debug|Any CPU
		{496E64EA-C1DB-4C41-A7A4-481EBB93F1C8}.Release|Any CPU.ActiveCfg = Release|Any CPU
		{496E64EA-C1DB-4C41-A7A4-481EBB93F1C8}.Release|Any CPU.Build.0 = Release|Any CPU
		{1E34A7E6-71FC-4C6E-A44A-761E64951445}.Debug|Any CPU.ActiveCfg = Debug|Any CPU
		{1E34A7E6-71FC-4C6E-A44A-761E64951445}.Debug|Any CPU.Build.0 = Debug|Any CPU
		{1E34A7E6-71FC-4C6E-A44A-761E64951445}.Release|Any CPU.ActiveCfg = Release|Any CPU
		{1E34A7E6-71FC-4C6E-A44A-761E64951445}.Release|Any CPU.Build.0 = Release|Any CPU
		{0556D4ED-2126-4114-B7A0-E11CDB03E191}.Debug|Any CPU.ActiveCfg = Debug|Any CPU
		{0556D4ED-2126-4114-B7A0-E11CDB03E191}.Debug|Any CPU.Build.0 = Debug|Any CPU
		{0556D4ED-2126-4114-B7A0-E11CDB03E191}.Release|Any CPU.ActiveCfg = Release|Any CPU
		{0556D4ED-2126-4114-B7A0-E11CDB03E191}.Release|Any CPU.Build.0 = Release|Any CPU
		{E8B57368-CBF4-4F64-9E35-ED553A10CB09}.Debug|Any CPU.ActiveCfg = Debug|Any CPU
		{E8B57368-CBF4-4F64-9E35-ED553A10CB09}.Debug|Any CPU.Build.0 = Debug|Any CPU
		{E8B57368-CBF4-4F64-9E35-ED553A10CB09}.Release|Any CPU.ActiveCfg = Release|Any CPU
		{E8B57368-CBF4-4F64-9E35-ED553A10CB09}.Release|Any CPU.Build.0 = Release|Any CPU
		{3A8895C0-81E4-4667-A3DB-622F84190FAE}.Debug|Any CPU.ActiveCfg = Debug|Any CPU
		{3A8895C0-81E4-4667-A3DB-622F84190FAE}.Debug|Any CPU.Build.0 = Debug|Any CPU
		{3A8895C0-81E4-4667-A3DB-622F84190FAE}.Release|Any CPU.ActiveCfg = Release|Any CPU
		{3A8895C0-81E4-4667-A3DB-622F84190FAE}.Release|Any CPU.Build.0 = Release|Any CPU
		{D6D9C618-0739-40EA-A387-C10C7C9DEA02}.Debug|Any CPU.ActiveCfg = Debug|Any CPU
		{D6D9C618-0739-40EA-A387-C10C7C9DEA02}.Debug|Any CPU.Build.0 = Debug|Any CPU
		{D6D9C618-0739-40EA-A387-C10C7C9DEA02}.Release|Any CPU.ActiveCfg = Release|Any CPU
		{D6D9C618-0739-40EA-A387-C10C7C9DEA02}.Release|Any CPU.Build.0 = Release|Any CPU
		{8F5377CC-9F40-4B2E-86FE-5FDE82FFEC71}.Debug|Any CPU.ActiveCfg = Debug|Any CPU
		{8F5377CC-9F40-4B2E-86FE-5FDE82FFEC71}.Debug|Any CPU.Build.0 = Debug|Any CPU
		{8F5377CC-9F40-4B2E-86FE-5FDE82FFEC71}.Release|Any CPU.ActiveCfg = Release|Any CPU
		{8F5377CC-9F40-4B2E-86FE-5FDE82FFEC71}.Release|Any CPU.Build.0 = Release|Any CPU
		{871C190F-FC4C-4B26-B87B-EDCAC594421D}.Debug|Any CPU.ActiveCfg = Debug|Any CPU
		{871C190F-FC4C-4B26-B87B-EDCAC594421D}.Debug|Any CPU.Build.0 = Debug|Any CPU
		{871C190F-FC4C-4B26-B87B-EDCAC594421D}.Release|Any CPU.ActiveCfg = Release|Any CPU
		{871C190F-FC4C-4B26-B87B-EDCAC594421D}.Release|Any CPU.Build.0 = Release|Any CPU
	EndGlobalSection
	GlobalSection(SolutionProperties) = preSolution
		HideSolutionNode = FALSE
	EndGlobalSection
	GlobalSection(NestedProjects) = preSolution
		{9BD1740E-A36B-4527-BB78-A5541C67BB56} = {B224F726-CE7E-47CC-B982-55FA1821EE27}
		{9F7DFB60-EDA6-4333-A0C3-AD7DE343A9BE} = {27B6ED3F-8BEE-4013-B8DA-06584B6C9726}
		{0E4D303E-D03D-4BB3-B0C1-FDF81F6D2B82} = {0B85C590-E341-4C44-835C-128A6942BAD0}
		{4BF5B124-8FAE-467B-BB7F-3DD096FA1AB6} = {27B6ED3F-8BEE-4013-B8DA-06584B6C9726}
		{0B85C590-E341-4C44-835C-128A6942BAD0} = {56657E2F-3316-446D-A0F7-A642EF0541D4}
		{B224F726-CE7E-47CC-B982-55FA1821EE27} = {9F7DFB60-EDA6-4333-A0C3-AD7DE343A9BE}
		{ABF7F23E-F074-4F85-A177-1BEDD30751F9} = {0B85C590-E341-4C44-835C-128A6942BAD0}
		{496E64EA-C1DB-4C41-A7A4-481EBB93F1C8} = {0B85C590-E341-4C44-835C-128A6942BAD0}
		{56657E2F-3316-446D-A0F7-A642EF0541D4} = {4BF5B124-8FAE-467B-BB7F-3DD096FA1AB6}
		{AFD3FA58-B5B1-4539-9562-8D3E8B3E94AB} = {27B6ED3F-8BEE-4013-B8DA-06584B6C9726}
		{1E34A7E6-71FC-4C6E-A44A-761E64951445} = {0B85C590-E341-4C44-835C-128A6942BAD0}
		{0556D4ED-2126-4114-B7A0-E11CDB03E191} = {0B85C590-E341-4C44-835C-128A6942BAD0}
		{E8B57368-CBF4-4F64-9E35-ED553A10CB09} = {0B85C590-E341-4C44-835C-128A6942BAD0}
		{3A8895C0-81E4-4667-A3DB-622F84190FAE} = {0B85C590-E341-4C44-835C-128A6942BAD0}
		{D6D9C618-0739-40EA-A387-C10C7C9DEA02} = {0B85C590-E341-4C44-835C-128A6942BAD0}
		{8F5377CC-9F40-4B2E-86FE-5FDE82FFEC71} = {0B85C590-E341-4C44-835C-128A6942BAD0}
		{871C190F-FC4C-4B26-B87B-EDCAC594421D} = {0B85C590-E341-4C44-835C-128A6942BAD0}
	EndGlobalSection
	GlobalSection(ExtensibilityGlobals) = postSolution
		SolutionGuid = {10960BCA-4987-40BC-89F5-FA0032B04399}
	EndGlobalSection
EndGlobal
